
Microsoft Visual Studio Solution File, Format Version 12.00
Project("{2150E333-8FDC-42A3-9474-1A3956D46DE8}") = "src", "src", "{C9B2E172-020A-44C2-9ED4-9F0FC134AE68}"
EndProject
Project("{2150E333-8FDC-42A3-9474-1A3956D46DE8}") = "tests", "tests", "{81C61792-7106-43EB-B34B-E4718EC0D838}"
EndProject
Project("{2150E333-8FDC-42A3-9474-1A3956D46DE8}") = "Aspire", "Aspire", "{9866EF51-EBF4-4E19-85FF-11A922DF4E02}"
EndProject
Project("{FAE04EC0-301F-11D3-BF4B-00C04F79EFBC}") = "Testerke.AppHost", "src\Aspire\Testerke.AppHost\Testerke.AppHost.csproj", "{0EE698F1-56A1-41FD-8212-7C747B80076B}"
EndProject
Project("{FAE04EC0-301F-11D3-BF4B-00C04F79EFBC}") = "Testerke.ServiceDefaults", "src\Aspire\Testerke.ServiceDefaults\Testerke.ServiceDefaults.csproj", "{A28027CA-EE28-4A8C-9BDC-E0428406C54B}"
EndProject
Project("{2150E333-8FDC-42A3-9474-1A3956D46DE8}") = "Backend", "Backend", "{392225FA-61E8-4E73-95DB-4FC3C47E800A}"
EndProject
Project("{2150E333-8FDC-42A3-9474-1A3956D46DE8}") = "Services", "Services", "{08D149AF-5B5A-487C-A340-B80FFD006E18}"
EndProject
Project("{2150E333-8FDC-42A3-9474-1A3956D46DE8}") = "Common", "Common", "{3D170962-7AEB-4E00-BE1D-FDE42873056E}"
EndProject
Project("{FAE04EC0-301F-11D3-BF4B-00C04F79EFBC}") = "Testerke.Common.Domain", "src\Backend\Common\Testerke.Common.Domain\Testerke.Common.Domain.csproj", "{65576E76-0940-44BE-ADC7-D7D8C8614A29}"
EndProject
Project("{FAE04EC0-301F-11D3-BF4B-00C04F79EFBC}") = "Testerke.Common.Application", "src\Backend\Common\Testerke.Common.Application\Testerke.Common.Application.csproj", "{039651C7-9490-4668-AC44-556D0156A636}"
EndProject
Project("{FAE04EC0-301F-11D3-BF4B-00C04F79EFBC}") = "Testerke.Common.Infrastructure", "src\Backend\Common\Testerke.Common.Infrastructure\Testerke.Common.Infrastructure.csproj", "{4A19527A-37D1-40E0-84F0-C99DE8BAA44E}"
EndProject
Project("{FAE04EC0-301F-11D3-BF4B-00C04F79EFBC}") = "Testerke.Common.Presentation", "src\Backend\Common\Testerke.Common.Presentation\Testerke.Common.Presentation.csproj", "{2FCEE4E9-33C6-44C3-8E2D-173717541B11}"
EndProject
Project("{2150E333-8FDC-42A3-9474-1A3956D46DE8}") = "Modules", "Modules", "{F69AF728-08D2-495C-8D5C-5970A965FC66}"
EndProject
Project("{2150E333-8FDC-42A3-9474-1A3956D46DE8}") = "Api", "Api", "{967E4F46-38D2-4679-8E61-87857CABA8E4}"
EndProject
Project("{FAE04EC0-301F-11D3-BF4B-00C04F79EFBC}") = "Testerke.Api", "src\Backend\Api\Testerke.Api\Testerke.Api.csproj", "{B34E7B86-90BA-4F73-B0D3-9FCE716F34CB}"
EndProject
Project("{FAE04EC0-301F-11D3-BF4B-00C04F79EFBC}") = "Testerke.Modules.Users.Domain", "src\Backend\Modules\Users\Testerke.Modules.Users.Domain\Testerke.Modules.Users.Domain.csproj", "{1814CDC9-FC70-4A96-B45C-768DFDD97C5D}"
EndProject
Project("{FAE04EC0-301F-11D3-BF4B-00C04F79EFBC}") = "Testerke.Modules.Users.Application", "src\Backend\Modules\Users\Testerke.Modules.Users.Application\Testerke.Modules.Users.Application.csproj", "{39B4EB78-08BF-4F72-9613-177CB7EB0A65}"
EndProject
Project("{FAE04EC0-301F-11D3-BF4B-00C04F79EFBC}") = "Testerke.Modules.Users.Infrastructure", "src\Backend\Modules\Users\Testerke.Modules.Users.Infrastructure\Testerke.Modules.Users.Infrastructure.csproj", "{CD8FC8D0-3BA0-4BA3-B947-E115C30FE085}"
EndProject
Project("{FAE04EC0-301F-11D3-BF4B-00C04F79EFBC}") = "Testerke.Modules.Users.Presentation", "src\Backend\Modules\Users\Testerke.Modules.Users.Presentation\Testerke.Modules.Users.Presentation.csproj", "{C2D681A8-6CBE-4335-B414-5FB6B4728D1B}"
EndProject
Project("{2150E333-8FDC-42A3-9474-1A3956D46DE8}") = "Users", "Users", "{3BB3D6E8-8556-4C66-A783-2E1AE84358C9}"
EndProject
Global
	GlobalSection(SolutionConfigurationPlatforms) = preSolution
		Debug|Any CPU = Debug|Any CPU
		Release|Any CPU = Release|Any CPU
	EndGlobalSection
	GlobalSection(NestedProjects) = preSolution
		{9866EF51-EBF4-4E19-85FF-11A922DF4E02} = {C9B2E172-020A-44C2-9ED4-9F0FC134AE68}
		{0EE698F1-56A1-41FD-8212-7C747B80076B} = {9866EF51-EBF4-4E19-85FF-11A922DF4E02}
		{A28027CA-EE28-4A8C-9BDC-E0428406C54B} = {9866EF51-EBF4-4E19-85FF-11A922DF4E02}
		{392225FA-61E8-4E73-95DB-4FC3C47E800A} = {C9B2E172-020A-44C2-9ED4-9F0FC134AE68}
		{08D149AF-5B5A-487C-A340-B80FFD006E18} = {C9B2E172-020A-44C2-9ED4-9F0FC134AE68}
		{3D170962-7AEB-4E00-BE1D-FDE42873056E} = {392225FA-61E8-4E73-95DB-4FC3C47E800A}
		{65576E76-0940-44BE-ADC7-D7D8C8614A29} = {3D170962-7AEB-4E00-BE1D-FDE42873056E}
		{039651C7-9490-4668-AC44-556D0156A636} = {3D170962-7AEB-4E00-BE1D-FDE42873056E}
		{4A19527A-37D1-40E0-84F0-C99DE8BAA44E} = {3D170962-7AEB-4E00-BE1D-FDE42873056E}
		{2FCEE4E9-33C6-44C3-8E2D-173717541B11} = {3D170962-7AEB-4E00-BE1D-FDE42873056E}
		{F69AF728-08D2-495C-8D5C-5970A965FC66} = {392225FA-61E8-4E73-95DB-4FC3C47E800A}
		{967E4F46-38D2-4679-8E61-87857CABA8E4} = {392225FA-61E8-4E73-95DB-4FC3C47E800A}
		{B34E7B86-90BA-4F73-B0D3-9FCE716F34CB} = {967E4F46-38D2-4679-8E61-87857CABA8E4}
		{3BB3D6E8-8556-4C66-A783-2E1AE84358C9} = {F69AF728-08D2-495C-8D5C-5970A965FC66}
		{39B4EB78-08BF-4F72-9613-177CB7EB0A65} = {3BB3D6E8-8556-4C66-A783-2E1AE84358C9}
		{1814CDC9-FC70-4A96-B45C-768DFDD97C5D} = {3BB3D6E8-8556-4C66-A783-2E1AE84358C9}
		{CD8FC8D0-3BA0-4BA3-B947-E115C30FE085} = {3BB3D6E8-8556-4C66-A783-2E1AE84358C9}
		{C2D681A8-6CBE-4335-B414-5FB6B4728D1B} = {3BB3D6E8-8556-4C66-A783-2E1AE84358C9}
	EndGlobalSection
	GlobalSection(ProjectConfigurationPlatforms) = postSolution
		{0EE698F1-56A1-41FD-8212-7C747B80076B}.Debug|Any CPU.ActiveCfg = Debug|Any CPU
		{0EE698F1-56A1-41FD-8212-7C747B80076B}.Debug|Any CPU.Build.0 = Debug|Any CPU
		{0EE698F1-56A1-41FD-8212-7C747B80076B}.Release|Any CPU.ActiveCfg = Release|Any CPU
		{0EE698F1-56A1-41FD-8212-7C747B80076B}.Release|Any CPU.Build.0 = Release|Any CPU
		{A28027CA-EE28-4A8C-9BDC-E0428406C54B}.Debug|Any CPU.ActiveCfg = Debug|Any CPU
		{A28027CA-EE28-4A8C-9BDC-E0428406C54B}.Debug|Any CPU.Build.0 = Debug|Any CPU
		{A28027CA-EE28-4A8C-9BDC-E0428406C54B}.Release|Any CPU.ActiveCfg = Release|Any CPU
		{A28027CA-EE28-4A8C-9BDC-E0428406C54B}.Release|Any CPU.Build.0 = Release|Any CPU
		{65576E76-0940-44BE-ADC7-D7D8C8614A29}.Debug|Any CPU.ActiveCfg = Debug|Any CPU
		{65576E76-0940-44BE-ADC7-D7D8C8614A29}.Debug|Any CPU.Build.0 = Debug|Any CPU
		{65576E76-0940-44BE-ADC7-D7D8C8614A29}.Release|Any CPU.ActiveCfg = Release|Any CPU
		{65576E76-0940-44BE-ADC7-D7D8C8614A29}.Release|Any CPU.Build.0 = Release|Any CPU
		{039651C7-9490-4668-AC44-556D0156A636}.Debug|Any CPU.ActiveCfg = Debug|Any CPU
		{039651C7-9490-4668-AC44-556D0156A636}.Debug|Any CPU.Build.0 = Debug|Any CPU
		{039651C7-9490-4668-AC44-556D0156A636}.Release|Any CPU.ActiveCfg = Release|Any CPU
		{039651C7-9490-4668-AC44-556D0156A636}.Release|Any CPU.Build.0 = Release|Any CPU
		{4A19527A-37D1-40E0-84F0-C99DE8BAA44E}.Debug|Any CPU.ActiveCfg = Debug|Any CPU
		{4A19527A-37D1-40E0-84F0-C99DE8BAA44E}.Debug|Any CPU.Build.0 = Debug|Any CPU
		{4A19527A-37D1-40E0-84F0-C99DE8BAA44E}.Release|Any CPU.ActiveCfg = Release|Any CPU
		{4A19527A-37D1-40E0-84F0-C99DE8BAA44E}.Release|Any CPU.Build.0 = Release|Any CPU
		{2FCEE4E9-33C6-44C3-8E2D-173717541B11}.Debug|Any CPU.ActiveCfg = Debug|Any CPU
		{2FCEE4E9-33C6-44C3-8E2D-173717541B11}.Debug|Any CPU.Build.0 = Debug|Any CPU
		{2FCEE4E9-33C6-44C3-8E2D-173717541B11}.Release|Any CPU.ActiveCfg = Release|Any CPU
		{2FCEE4E9-33C6-44C3-8E2D-173717541B11}.Release|Any CPU.Build.0 = Release|Any CPU
		{B34E7B86-90BA-4F73-B0D3-9FCE716F34CB}.Debug|Any CPU.ActiveCfg = Debug|Any CPU
		{B34E7B86-90BA-4F73-B0D3-9FCE716F34CB}.Debug|Any CPU.Build.0 = Debug|Any CPU
		{B34E7B86-90BA-4F73-B0D3-9FCE716F34CB}.Release|Any CPU.ActiveCfg = Release|Any CPU
		{B34E7B86-90BA-4F73-B0D3-9FCE716F34CB}.Release|Any CPU.Build.0 = Release|Any CPU
		{1814CDC9-FC70-4A96-B45C-768DFDD97C5D}.Debug|Any CPU.ActiveCfg = Debug|Any CPU
		{1814CDC9-FC70-4A96-B45C-768DFDD97C5D}.Debug|Any CPU.Build.0 = Debug|Any CPU
		{1814CDC9-FC70-4A96-B45C-768DFDD97C5D}.Release|Any CPU.ActiveCfg = Release|Any CPU
		{1814CDC9-FC70-4A96-B45C-768DFDD97C5D}.Release|Any CPU.Build.0 = Release|Any CPU
		{39B4EB78-08BF-4F72-9613-177CB7EB0A65}.Debug|Any CPU.ActiveCfg = Debug|Any CPU
		{39B4EB78-08BF-4F72-9613-177CB7EB0A65}.Debug|Any CPU.Build.0 = Debug|Any CPU
		{39B4EB78-08BF-4F72-9613-177CB7EB0A65}.Release|Any CPU.ActiveCfg = Release|Any CPU
		{39B4EB78-08BF-4F72-9613-177CB7EB0A65}.Release|Any CPU.Build.0 = Release|Any CPU
		{CD8FC8D0-3BA0-4BA3-B947-E115C30FE085}.Debug|Any CPU.ActiveCfg = Debug|Any CPU
		{CD8FC8D0-3BA0-4BA3-B947-E115C30FE085}.Debug|Any CPU.Build.0 = Debug|Any CPU
		{CD8FC8D0-3BA0-4BA3-B947-E115C30FE085}.Release|Any CPU.ActiveCfg = Release|Any CPU
		{CD8FC8D0-3BA0-4BA3-B947-E115C30FE085}.Release|Any CPU.Build.0 = Release|Any CPU
		{C2D681A8-6CBE-4335-B414-5FB6B4728D1B}.Debug|Any CPU.ActiveCfg = Debug|Any CPU
		{C2D681A8-6CBE-4335-B414-5FB6B4728D1B}.Debug|Any CPU.Build.0 = Debug|Any CPU
		{C2D681A8-6CBE-4335-B414-5FB6B4728D1B}.Release|Any CPU.ActiveCfg = Release|Any CPU
		{C2D681A8-6CBE-4335-B414-5FB6B4728D1B}.Release|Any CPU.Build.0 = Release|Any CPU
	EndGlobalSection
EndGlobal
