
Microsoft Visual Studio Solution File, Format Version 12.00
Project("{2150E333-8FDC-42A3-9474-1A3956D46DE8}") = "src", "src", "{A8FDA5E3-D93B-4062-BB5A-832FB47CCD79}"
EndProject
Project("{2150E333-8FDC-42A3-9474-1A3956D46DE8}") = "tests", "tests", "{34261B6B-21E0-4551-A538-8430E4C0D822}"
EndProject
Project("{2150E333-8FDC-42A3-9474-1A3956D46DE8}") = "Aspire", "Aspire", "{6A3B005F-3D12-44A7-AFDA-9E263767783D}"
EndProject
Project("{2150E333-8FDC-42A3-9474-1A3956D46DE8}") = "Backend", "Backend", "{5CBF869C-92EF-4377-BE4D-E842318E1D1C}"
EndProject
Project("{2150E333-8FDC-42A3-9474-1A3956D46DE8}") = "Frontend", "Frontend", "{B2195A39-59E8-4455-9DE7-11BB122D3916}"
EndProject
Project("{FAE04EC0-301F-11D3-BF4B-00C04F79EFBC}") = "Testerke.SharedKernel", "src\Backend\Testerke.SharedKernel\Testerke.SharedKernel.csproj", "{29721472-9797-47E4-BF99-2DA1C9894307}"
EndProject
Project("{FAE04EC0-301F-11D3-BF4B-00C04F79EFBC}") = "Testerke.Domain", "src\Backend\Testerke.Domain\Testerke.Domain.csproj", "{6BF0A1DD-15D5-42EE-BCF3-36C86351DF3A}"
EndProject
Project("{FAE04EC0-301F-11D3-BF4B-00C04F79EFBC}") = "Testerke.Application", "src\Backend\Testerke.Application\Testerke.Application.csproj", "{0253BCFF-8709-463A-9B09-C352F02C5646}"
EndProject
Project("{FAE04EC0-301F-11D3-BF4B-00C04F79EFBC}") = "Testerke.Infrastructure", "src\Backend\Testerke.Infrastructure\Testerke.Infrastructure.csproj", "{A8F85CA2-C37F-4D7A-8BFA-CE843BF2BBDC}"
EndProject
Project("{FAE04EC0-301F-11D3-BF4B-00C04F79EFBC}") = "Testerke.Api", "src\Backend\Testerke.Api\Testerke.Api.csproj", "{3ACE69CF-76CA-4C5C-9E95-D75CCC58A9D4}"
EndProject
Project("{FAE04EC0-301F-11D3-BF4B-00C04F79EFBC}") = "Testerke.AppHost", "src\Aspire\Testerke.AppHost\Testerke.AppHost.csproj", "{309375B9-A723-49B3-B6DD-B765674531A8}"
EndProject
Project("{FAE04EC0-301F-11D3-BF4B-00C04F79EFBC}") = "Testerke.ServiceDefaults", "src\Aspire\Testerke.ServiceDefaults\Testerke.ServiceDefaults.csproj", "{D5A6BC24-3024-4667-864C-8C35CC20B1B0}"
EndProject
Project("{2150E333-8FDC-42A3-9474-1A3956D46DE8}") = "Identity", "Identity", "{D863709E-BA07-429D-A04B-B25ADE20B481}"
EndProject
Project("{FAE04EC0-301F-11D3-BF4B-00C04F79EFBC}") = "Testerke.Idp", "src\Identity\Testerke.Idp\Testerke.Idp.csproj", "{5531C871-8FCB-44E0-A39C-058488E5F3BA}"
EndProject
Project("{2150E333-8FDC-42A3-9474-1A3956D46DE8}") = "Services", "Services", "{797388DF-0ACD-49A8-B509-2044B7B244A5}"
EndProject
Project("{FAE04EC0-301F-11D3-BF4B-00C04F79EFBC}") = "MigrationService", "src\Services\MigrationService\MigrationService.csproj", "{6AE3AAE5-C1A1-44C8-9B98-29046E8C6201}"
EndProject
Global
	GlobalSection(SolutionConfigurationPlatforms) = preSolution
		Debug|Any CPU = Debug|Any CPU
		Release|Any CPU = Release|Any CPU
	EndGlobalSection
	GlobalSection(NestedProjects) = preSolution
		{6A3B005F-3D12-44A7-AFDA-9E263767783D} = {A8FDA5E3-D93B-4062-BB5A-832FB47CCD79}
		{5CBF869C-92EF-4377-BE4D-E842318E1D1C} = {A8FDA5E3-D93B-4062-BB5A-832FB47CCD79}
		{B2195A39-59E8-4455-9DE7-11BB122D3916} = {A8FDA5E3-D93B-4062-BB5A-832FB47CCD79}
		{29721472-9797-47E4-BF99-2DA1C9894307} = {5CBF869C-92EF-4377-BE4D-E842318E1D1C}
		{6BF0A1DD-15D5-42EE-BCF3-36C86351DF3A} = {5CBF869C-92EF-4377-BE4D-E842318E1D1C}
		{0253BCFF-8709-463A-9B09-C352F02C5646} = {5CBF869C-92EF-4377-BE4D-E842318E1D1C}
		{A8F85CA2-C37F-4D7A-8BFA-CE843BF2BBDC} = {5CBF869C-92EF-4377-BE4D-E842318E1D1C}
		{3ACE69CF-76CA-4C5C-9E95-D75CCC58A9D4} = {5CBF869C-92EF-4377-BE4D-E842318E1D1C}
		{309375B9-A723-49B3-B6DD-B765674531A8} = {6A3B005F-3D12-44A7-AFDA-9E263767783D}
		{D5A6BC24-3024-4667-864C-8C35CC20B1B0} = {6A3B005F-3D12-44A7-AFDA-9E263767783D}
		{D863709E-BA07-429D-A04B-B25ADE20B481} = {A8FDA5E3-D93B-4062-BB5A-832FB47CCD79}
		{5531C871-8FCB-44E0-A39C-058488E5F3BA} = {D863709E-BA07-429D-A04B-B25ADE20B481}
		{797388DF-0ACD-49A8-B509-2044B7B244A5} = {A8FDA5E3-D93B-4062-BB5A-832FB47CCD79}
		{6AE3AAE5-C1A1-44C8-9B98-29046E8C6201} = {797388DF-0ACD-49A8-B509-2044B7B244A5}
	EndGlobalSection
	GlobalSection(ProjectConfigurationPlatforms) = postSolution
		{29721472-9797-47E4-BF99-2DA1C9894307}.Debug|Any CPU.ActiveCfg = Debug|Any CPU
		{29721472-9797-47E4-BF99-2DA1C9894307}.Debug|Any CPU.Build.0 = Debug|Any CPU
		{29721472-9797-47E4-BF99-2DA1C9894307}.Release|Any CPU.ActiveCfg = Release|Any CPU
		{29721472-9797-47E4-BF99-2DA1C9894307}.Release|Any CPU.Build.0 = Release|Any CPU
		{6BF0A1DD-15D5-42EE-BCF3-36C86351DF3A}.Debug|Any CPU.ActiveCfg = Debug|Any CPU
		{6BF0A1DD-15D5-42EE-BCF3-36C86351DF3A}.Debug|Any CPU.Build.0 = Debug|Any CPU
		{6BF0A1DD-15D5-42EE-BCF3-36C86351DF3A}.Release|Any CPU.ActiveCfg = Release|Any CPU
		{6BF0A1DD-15D5-42EE-BCF3-36C86351DF3A}.Release|Any CPU.Build.0 = Release|Any CPU
		{0253BCFF-8709-463A-9B09-C352F02C5646}.Debug|Any CPU.ActiveCfg = Debug|Any CPU
		{0253BCFF-8709-463A-9B09-C352F02C5646}.Debug|Any CPU.Build.0 = Debug|Any CPU
		{0253BCFF-8709-463A-9B09-C352F02C5646}.Release|Any CPU.ActiveCfg = Release|Any CPU
		{0253BCFF-8709-463A-9B09-C352F02C5646}.Release|Any CPU.Build.0 = Release|Any CPU
		{A8F85CA2-C37F-4D7A-8BFA-CE843BF2BBDC}.Debug|Any CPU.ActiveCfg = Debug|Any CPU
		{A8F85CA2-C37F-4D7A-8BFA-CE843BF2BBDC}.Debug|Any CPU.Build.0 = Debug|Any CPU
		{A8F85CA2-C37F-4D7A-8BFA-CE843BF2BBDC}.Release|Any CPU.ActiveCfg = Release|Any CPU
		{A8F85CA2-C37F-4D7A-8BFA-CE843BF2BBDC}.Release|Any CPU.Build.0 = Release|Any CPU
		{3ACE69CF-76CA-4C5C-9E95-D75CCC58A9D4}.Debug|Any CPU.ActiveCfg = Debug|Any CPU
		{3ACE69CF-76CA-4C5C-9E95-D75CCC58A9D4}.Debug|Any CPU.Build.0 = Debug|Any CPU
		{3ACE69CF-76CA-4C5C-9E95-D75CCC58A9D4}.Release|Any CPU.ActiveCfg = Release|Any CPU
		{3ACE69CF-76CA-4C5C-9E95-D75CCC58A9D4}.Release|Any CPU.Build.0 = Release|Any CPU
		{309375B9-A723-49B3-B6DD-B765674531A8}.Debug|Any CPU.ActiveCfg = Debug|Any CPU
		{309375B9-A723-49B3-B6DD-B765674531A8}.Debug|Any CPU.Build.0 = Debug|Any CPU
		{309375B9-A723-49B3-B6DD-B765674531A8}.Release|Any CPU.ActiveCfg = Release|Any CPU
		{309375B9-A723-49B3-B6DD-B765674531A8}.Release|Any CPU.Build.0 = Release|Any CPU
		{D5A6BC24-3024-4667-864C-8C35CC20B1B0}.Debug|Any CPU.ActiveCfg = Debug|Any CPU
		{D5A6BC24-3024-4667-864C-8C35CC20B1B0}.Debug|Any CPU.Build.0 = Debug|Any CPU
		{D5A6BC24-3024-4667-864C-8C35CC20B1B0}.Release|Any CPU.ActiveCfg = Release|Any CPU
		{D5A6BC24-3024-4667-864C-8C35CC20B1B0}.Release|Any CPU.Build.0 = Release|Any CPU
		{5531C871-8FCB-44E0-A39C-058488E5F3BA}.Debug|Any CPU.ActiveCfg = Debug|Any CPU
		{5531C871-8FCB-44E0-A39C-058488E5F3BA}.Debug|Any CPU.Build.0 = Debug|Any CPU
		{5531C871-8FCB-44E0-A39C-058488E5F3BA}.Release|Any CPU.ActiveCfg = Release|Any CPU
		{5531C871-8FCB-44E0-A39C-058488E5F3BA}.Release|Any CPU.Build.0 = Release|Any CPU
		{6AE3AAE5-C1A1-44C8-9B98-29046E8C6201}.Debug|Any CPU.ActiveCfg = Debug|Any CPU
		{6AE3AAE5-C1A1-44C8-9B98-29046E8C6201}.Debug|Any CPU.Build.0 = Debug|Any CPU
		{6AE3AAE5-C1A1-44C8-9B98-29046E8C6201}.Release|Any CPU.ActiveCfg = Release|Any CPU
		{6AE3AAE5-C1A1-44C8-9B98-29046E8C6201}.Release|Any CPU.Build.0 = Release|Any CPU
	EndGlobalSection
EndGlobal
